
Microsoft Visual Studio Solution File, Format Version 12.00
# Visual Studio Version 17
VisualStudioVersion = 17.1.32210.238
MinimumVisualStudioVersion = 10.0.40219.1
Project("{FAE04EC0-301F-11D3-BF4B-00C04F79EFBC}") = "MySqlWebApi", "MySqlWebApi\MySqlWebApi.csproj", "{B4D14448-AFD9-4DF0-B66A-EA5EA5DB8E0D}"
EndProject
Global
	GlobalSection(SolutionConfigurationPlatforms) = preSolution
		Debug|Any CPU = Debug|Any CPU
		Release|Any CPU = Release|Any CPU
	EndGlobalSection
	GlobalSection(ProjectConfigurationPlatforms) = postSolution
		{B4D14448-AFD9-4DF0-B66A-EA5EA5DB8E0D}.Debug|Any CPU.ActiveCfg = Debug|Any CPU
		{B4D14448-AFD9-4DF0-B66A-EA5EA5DB8E0D}.Debug|Any CPU.Build.0 = Debug|Any CPU
		{B4D14448-AFD9-4DF0-B66A-EA5EA5DB8E0D}.Release|Any CPU.ActiveCfg = Release|Any CPU
		{B4D14448-AFD9-4DF0-B66A-EA5EA5DB8E0D}.Release|Any CPU.Build.0 = Release|Any CPU
	EndGlobalSection
	GlobalSection(SolutionProperties) = preSolution
		HideSolutionNode = FALSE
	EndGlobalSection
	GlobalSection(ExtensibilityGlobals) = postSolution
		SolutionGuid = {E8B25D52-E10E-4E4C-AD60-DCA43DB944FC}
	EndGlobalSection
EndGlobal
